
Microsoft Visual Studio Solution File, Format Version 12.00
# Visual Studio 15
VisualStudioVersion = 15.0.27703.2018
MinimumVisualStudioVersion = 10.0.40219.1
Project("{FAE04EC0-301F-11D3-BF4B-00C04F79EFBC}") = "ConsoleApp", "Console\ConsoleApp.csproj", "{B2601379-1368-496D-A7FE-9084A359563E}"
EndProject
Project("{FAE04EC0-301F-11D3-BF4B-00C04F79EFBC}") = "SingleTon", "SingleTon\SingleTon.csproj", "{1B920741-2677-4FDF-8032-8DF35D27E7EE}"
EndProject
Project("{FAE04EC0-301F-11D3-BF4B-00C04F79EFBC}") = "FactoryPattern", "FactoryPattern\FactoryPattern.csproj", "{8266DCA6-00BF-44BE-92A0-8707CF88AF09}"
EndProject
Project("{FAE04EC0-301F-11D3-BF4B-00C04F79EFBC}") = "AbstractFactory", "AbstractFactory\AbstractFactory.csproj", "{5785A137-8725-40A0-A7CA-0AD3550EDCA8}"
EndProject
Global
	GlobalSection(SolutionConfigurationPlatforms) = preSolution
		Debug|Any CPU = Debug|Any CPU
		Release|Any CPU = Release|Any CPU
	EndGlobalSection
	GlobalSection(ProjectConfigurationPlatforms) = postSolution
		{B2601379-1368-496D-A7FE-9084A359563E}.Debug|Any CPU.ActiveCfg = Debug|Any CPU
		{B2601379-1368-496D-A7FE-9084A359563E}.Debug|Any CPU.Build.0 = Debug|Any CPU
		{B2601379-1368-496D-A7FE-9084A359563E}.Release|Any CPU.ActiveCfg = Release|Any CPU
		{B2601379-1368-496D-A7FE-9084A359563E}.Release|Any CPU.Build.0 = Release|Any CPU
		{1B920741-2677-4FDF-8032-8DF35D27E7EE}.Debug|Any CPU.ActiveCfg = Debug|Any CPU
		{1B920741-2677-4FDF-8032-8DF35D27E7EE}.Debug|Any CPU.Build.0 = Debug|Any CPU
		{1B920741-2677-4FDF-8032-8DF35D27E7EE}.Release|Any CPU.ActiveCfg = Release|Any CPU
		{1B920741-2677-4FDF-8032-8DF35D27E7EE}.Release|Any CPU.Build.0 = Release|Any CPU
		{8266DCA6-00BF-44BE-92A0-8707CF88AF09}.Debug|Any CPU.ActiveCfg = Debug|Any CPU
		{8266DCA6-00BF-44BE-92A0-8707CF88AF09}.Debug|Any CPU.Build.0 = Debug|Any CPU
		{8266DCA6-00BF-44BE-92A0-8707CF88AF09}.Release|Any CPU.ActiveCfg = Release|Any CPU
		{8266DCA6-00BF-44BE-92A0-8707CF88AF09}.Release|Any CPU.Build.0 = Release|Any CPU
		{5785A137-8725-40A0-A7CA-0AD3550EDCA8}.Debug|Any CPU.ActiveCfg = Debug|Any CPU
		{5785A137-8725-40A0-A7CA-0AD3550EDCA8}.Debug|Any CPU.Build.0 = Debug|Any CPU
		{5785A137-8725-40A0-A7CA-0AD3550EDCA8}.Release|Any CPU.ActiveCfg = Release|Any CPU
		{5785A137-8725-40A0-A7CA-0AD3550EDCA8}.Release|Any CPU.Build.0 = Release|Any CPU
	EndGlobalSection
	GlobalSection(SolutionProperties) = preSolution
		HideSolutionNode = FALSE
	EndGlobalSection
	GlobalSection(ExtensibilityGlobals) = postSolution
		SolutionGuid = {90E906F0-ACA5-4A54-BEBB-FE76093509C2}
	EndGlobalSection
EndGlobal
